# THIS IS AN AUTOGENERATED FILE. DO NOT EDIT THIS FILE DIRECTLY.
# yarn lockfile v1


"@aws-cdk/assets@1.13.1":
  version "1.13.1"
  resolved "https://registry.yarnpkg.com/@aws-cdk/assets/-/assets-1.13.1.tgz#4bb283fed3f6bbc40070465c4b9ff86075822ff6"
  integrity sha512-xm+C0HxhZS8+ClhEOMvVcN+IGHisch4ZLEOHuQ7KMp9HELcOHL3FJgMkuMFh93ytJM4D3nbzqU4W/4MHck/E2Q==
  dependencies:
    "@aws-cdk/core" "1.13.1"
    "@aws-cdk/cx-api" "1.13.1"
    minimatch "^3.0.4"

"@aws-cdk/aws-cloudwatch@1.13.1":
  version "1.13.1"
  resolved "https://registry.yarnpkg.com/@aws-cdk/aws-cloudwatch/-/aws-cloudwatch-1.13.1.tgz#31e28c2772c1ed4516ff4c5f07692706e6de733c"
  integrity sha512-HZ+5al6Vh3hvyRcPAw69TldQ/1OGBaHaN7t0A1OpCKzD9CYMIthOry6dlbc0kNEYlI3ZaxH8IjpSuh1KoKiVyw==
  dependencies:
    "@aws-cdk/aws-iam" "1.13.1"
    "@aws-cdk/core" "1.13.1"

"@aws-cdk/aws-ec2@1.13.1":
  version "1.13.1"
  resolved "https://registry.yarnpkg.com/@aws-cdk/aws-ec2/-/aws-ec2-1.13.1.tgz#1e86d0e8fc63c5ac787811b3518a2c35d9288d81"
  integrity sha512-yr2l24awwKaEhNpHTixXCLuUvmGh+O8mBdOTmHxmArF+oy+biM5B5f/H0nxsQ7dwACDkkwD5By7yZgXfMBxzXQ==
  dependencies:
    "@aws-cdk/aws-cloudwatch" "1.13.1"
    "@aws-cdk/aws-iam" "1.13.1"
    "@aws-cdk/aws-ssm" "1.13.1"
    "@aws-cdk/core" "1.13.1"
    "@aws-cdk/cx-api" "1.13.1"

"@aws-cdk/aws-events@1.13.1":
  version "1.13.1"
  resolved "https://registry.yarnpkg.com/@aws-cdk/aws-events/-/aws-events-1.13.1.tgz#7f0f732f69edf339d06d7506d19a84eb763f4a40"
  integrity sha512-QDMxs5hMRNzSxzzDXZj5M/ffJCmdmmJ9U0vpEBhhNXCM4eafO92fTgj5HeVXKVykxVF8IGtBG5wngszEMLdiug==
  dependencies:
    "@aws-cdk/aws-iam" "1.13.1"
    "@aws-cdk/core" "1.13.1"

"@aws-cdk/aws-iam@1.13.1":
  version "1.13.1"
  resolved "https://registry.yarnpkg.com/@aws-cdk/aws-iam/-/aws-iam-1.13.1.tgz#476a54b98b3dc7af8d3d1d29d75512887b0875f2"
  integrity sha512-jbqergYkRdBuLJL3Pd4RnXRyu8uao17dnA4LPiF48fFsBiMvpDnWGVEkbHA9xqb+StuOssg5WKKZip4lO1Uy5A==
  dependencies:
    "@aws-cdk/core" "1.13.1"
    "@aws-cdk/region-info" "1.13.1"

"@aws-cdk/aws-kms@1.13.1":
  version "1.13.1"
  resolved "https://registry.yarnpkg.com/@aws-cdk/aws-kms/-/aws-kms-1.13.1.tgz#1065b70f8ce0733f79f37a9206617c89b7f66a1a"
  integrity sha512-hryLKR2Vw29fnyLoc71GChefjti5wa02urafRumEhJFfRpD+jrntEyGRRMyTZzhOg5aT7D14k2kxiBhFT56PLw==
  dependencies:
    "@aws-cdk/aws-iam" "1.13.1"
    "@aws-cdk/core" "1.13.1"

"@aws-cdk/aws-lambda@^1.13.1":
  version "1.13.1"
  resolved "https://registry.yarnpkg.com/@aws-cdk/aws-lambda/-/aws-lambda-1.13.1.tgz#64b4b690d954d4ccb542124446fbbde37bc8987b"
  integrity sha512-VDQr0Rtfam7moOvT9PdKZwtNkppRnrYuR14hfAwXkvdnjM3D131V1MAtvPIjBwtyPJcHdg+f5MwS6psd4Vm/HA==
  dependencies:
    "@aws-cdk/aws-cloudwatch" "1.13.1"
    "@aws-cdk/aws-ec2" "1.13.1"
    "@aws-cdk/aws-events" "1.13.1"
    "@aws-cdk/aws-iam" "1.13.1"
    "@aws-cdk/aws-logs" "1.13.1"
    "@aws-cdk/aws-s3" "1.13.1"
    "@aws-cdk/aws-s3-assets" "1.13.1"
    "@aws-cdk/aws-sqs" "1.13.1"
    "@aws-cdk/core" "1.13.1"
    "@aws-cdk/cx-api" "1.13.1"

"@aws-cdk/aws-logs@1.13.1":
  version "1.13.1"
  resolved "https://registry.yarnpkg.com/@aws-cdk/aws-logs/-/aws-logs-1.13.1.tgz#5d578c914da6bb415a825b508ff3c5a460928da3"
  integrity sha512-QTlInOxcFoV6NgRJsrMahhCqZUSSx4747//2+OemcpbczLv+Cg9qH9AOnX3Tv3/DuuIZlSfuus0vcXezRsLozw==
  dependencies:
    "@aws-cdk/aws-cloudwatch" "1.13.1"
    "@aws-cdk/aws-iam" "1.13.1"
    "@aws-cdk/core" "1.13.1"

"@aws-cdk/aws-s3-assets@1.13.1":
  version "1.13.1"
  resolved "https://registry.yarnpkg.com/@aws-cdk/aws-s3-assets/-/aws-s3-assets-1.13.1.tgz#eb6102fed87ac4378240187762958cac1b79e6b6"
  integrity sha512-0gaNDFPyTLOXAWq3HBSMi8A8654xPOJrM4g1VQn1AQe+Pde4D8oLmtKpw9Z3p6ZFVsPSNFvDejAv0stXxUDt8g==
  dependencies:
    "@aws-cdk/assets" "1.13.1"
    "@aws-cdk/aws-iam" "1.13.1"
    "@aws-cdk/aws-s3" "1.13.1"
    "@aws-cdk/core" "1.13.1"
    "@aws-cdk/cx-api" "1.13.1"

"@aws-cdk/aws-s3@1.13.1":
  version "1.13.1"
  resolved "https://registry.yarnpkg.com/@aws-cdk/aws-s3/-/aws-s3-1.13.1.tgz#53ec7e754eee0132bfd1ec0aba16b091a15ea9bd"
  integrity sha512-VLX+4ppcCGjwxbL8WmhC+wA5osKNW3MXF61qQCDVW476//S/z+epKjI9RGDdRFyGifYVp/Y+n9yiD8eRvpIGCg==
  dependencies:
    "@aws-cdk/aws-events" "1.13.1"
    "@aws-cdk/aws-iam" "1.13.1"
    "@aws-cdk/aws-kms" "1.13.1"
    "@aws-cdk/core" "1.13.1"

"@aws-cdk/aws-sqs@1.13.1":
  version "1.13.1"
  resolved "https://registry.yarnpkg.com/@aws-cdk/aws-sqs/-/aws-sqs-1.13.1.tgz#769820cf3884f0c2beda21a9bfe4d30e12ad299b"
  integrity sha512-8liCiPJlrbpRzqXeYkI/pMIOSYdHNg3T1LEanEry6Fb8P8zksmybexWZScBtap/4aJY14SAcudAFi+osxjrHgw==
  dependencies:
    "@aws-cdk/aws-cloudwatch" "1.13.1"
    "@aws-cdk/aws-iam" "1.13.1"
    "@aws-cdk/aws-kms" "1.13.1"
    "@aws-cdk/core" "1.13.1"

"@aws-cdk/aws-ssm@1.13.1":
  version "1.13.1"
  resolved "https://registry.yarnpkg.com/@aws-cdk/aws-ssm/-/aws-ssm-1.13.1.tgz#8447aa8ed951ef7e52618af72c67df095ff98d3f"
  integrity sha512-DCEqzUV5BI34gWmJwsQCD+GQJFYMeCaVo2jPKBmJaQRrLtJOt5Ywfs4xMGL3Flzag1Lk7t7cSmIs4WI9xuR7zg==
  dependencies:
    "@aws-cdk/aws-iam" "1.13.1"
    "@aws-cdk/core" "1.13.1"
    "@aws-cdk/cx-api" "1.13.1"

"@aws-cdk/cdk@^0.36.1":
  version "0.36.1"
  resolved "https://registry.yarnpkg.com/@aws-cdk/cdk/-/cdk-0.36.1.tgz#81dfc535fbd66d8df5b00566261e489795a49705"
  integrity sha512-zANjIxZZM/sFns5zUbGEBikZcF4m+77aNQ6o6vcQkVcglky9peZ0q7T4urngSDP/QHnjsqpp6QrJaLSvjcInJg==

"@aws-cdk/core@1.13.1", "@aws-cdk/core@^1.13.1":
  version "1.13.1"
  resolved "https://registry.yarnpkg.com/@aws-cdk/core/-/core-1.13.1.tgz#df3d12ebdcc60d57415e268c9606e56145e96997"
  integrity sha512-6fxs1nWK0Qx5mTgMi+rsUoRv79nyGZEK+w7fu6ZT/wDXoKcZE/QTK/45rNaBKboghp38gI/I374Rf/Amen3Ncg==
  dependencies:
    "@aws-cdk/cx-api" "1.13.1"

"@aws-cdk/cx-api@1.13.1":
  version "1.13.1"
  resolved "https://registry.yarnpkg.com/@aws-cdk/cx-api/-/cx-api-1.13.1.tgz#b6121b10841f5f8989a1a265e5ba9402443c61be"
  integrity sha512-JgC807LXjK3BVVNxK7QQuYIYNCFRzeNCHggl7j0F1XlF7kxpzM+EDbR8E2ESZkTTblsEHJ4c7cWm6Vs7loV30g==
  dependencies:
    semver "^6.3.0"

"@aws-cdk/region-info@1.13.1":
  version "1.13.1"
  resolved "https://registry.yarnpkg.com/@aws-cdk/region-info/-/region-info-1.13.1.tgz#ad973db69767c76455e4f5d68b755c8206f79ac4"
  integrity sha512-JdTlOW3Ku7RVH3rY+rxhAGX4afyALmtCchIlRnCqqYZb+sj/7V086UauCsAKP4A31EitxMca/BWMDGInTBLGyg==

balanced-match@^1.0.0:
  version "1.0.0"
  resolved "https://registry.yarnpkg.com/balanced-match/-/balanced-match-1.0.0.tgz#89b4d199ab2bee49de164ea02b89ce462d71b767"
  integrity sha1-ibTRmasr7kneFk6gK4nORi1xt2c=

brace-expansion@^1.1.7:
  version "1.1.11"
  resolved "https://registry.yarnpkg.com/brace-expansion/-/brace-expansion-1.1.11.tgz#3c7fcbf529d87226f3d2f52b966ff5271eb441dd"
  integrity sha512-iCuPHDFgrHX7H2vEI/5xpz07zSHB00TpugqhmYtVmMO6518mCuRMoOYFldEBl0g187ufozdaHgWKcYFb61qGiA==
  dependencies:
    balanced-match "^1.0.0"
    concat-map "0.0.1"

concat-map@0.0.1:
  version "0.0.1"
  resolved "https://registry.yarnpkg.com/concat-map/-/concat-map-0.0.1.tgz#d8a96bd77fd68df7793a73036a3ba0d5405d477b"
  integrity sha1-2Klr13/Wjfd5OnMDajug1UBdR3s=

minimatch@^3.0.4:
  version "3.0.4"
  resolved "https://registry.yarnpkg.com/minimatch/-/minimatch-3.0.4.tgz#5166e286457f03306064be5497e8dbb0c3d32083"
  integrity sha512-yJHVQEhyqPLUTgt9B83PXu6W3rx4MvvHvSUvToogpwoGDOUQ+yDrR0HRot+yOCdCO7u4hX3pWft6kWBBcqh0UA==
  dependencies:
    brace-expansion "^1.1.7"

semver@^6.3.0:
  version "6.3.0"
  resolved "https://registry.yarnpkg.com/semver/-/semver-6.3.0.tgz#ee0a64c8af5e8ceea67687b133761e1becbd1d3d"
  integrity sha512-b39TBaTSfV6yBrapU89p5fKekE2m/NwnDocOVruQFS1/veMgdzuPcnOM34M6CwxW8jH/lxEa5rBoDeUwu5HHTw==
